// !$*UTF8*$!
{
	archiveVersion = 1;
	classes = {
	};
	objectVersion = 51;
	objects = {

/* Begin PBXBuildFile section */
		F90B50DE23F5EA8300161684 /* RxRelay.framework in Frameworks */ = {isa = PBXBuildFile; fileRef = F90B50DD23F5EA8300161684 /* RxRelay.framework */; };
		F90B50E023F5F43C00161684 /* Differentiator.framework in Frameworks */ = {isa = PBXBuildFile; fileRef = F90B50DF23F5F43C00161684 /* Differentiator.framework */; };
		F90B50E623F5F48300161684 /* ReactiveSwift.framework in Frameworks */ = {isa = PBXBuildFile; fileRef = F90B50E223F5F48300161684 /* ReactiveSwift.framework */; };
		F90B50E723F5F48300161684 /* RxAtomic.framework in Frameworks */ = {isa = PBXBuildFile; fileRef = F90B50E323F5F48300161684 /* RxAtomic.framework */; };
		F90B50E823F5F48300161684 /* RxBlocking.framework in Frameworks */ = {isa = PBXBuildFile; fileRef = F90B50E423F5F48300161684 /* RxBlocking.framework */; };
		F90B50E923F5F48300161684 /* ReactiveMapKit.framework in Frameworks */ = {isa = PBXBuildFile; fileRef = F90B50E523F5F48300161684 /* ReactiveMapKit.framework */; };
		F90B50EB23F5F8FD00161684 /* Launch Screen.storyboard in Resources */ = {isa = PBXBuildFile; fileRef = F90B50EA23F5F8FD00161684 /* Launch Screen.storyboard */; };
		F90B50EF23F6071200161684 /* AppTextField.swift in Sources */ = {isa = PBXBuildFile; fileRef = F90B50EE23F6071200161684 /* AppTextField.swift */; };
		F90B50F923F6101B00161684 /* AppKeyValueView.swift in Sources */ = {isa = PBXBuildFile; fileRef = F90B50F823F6101B00161684 /* AppKeyValueView.swift */; };
		F90B50FB23F62A8F00161684 /* AppKeyValuesStackView.swift in Sources */ = {isa = PBXBuildFile; fileRef = F90B50FA23F62A8F00161684 /* AppKeyValuesStackView.swift */; };
		F90B50FD23F71ACA00161684 /* UIColor+Extension.swift in Sources */ = {isa = PBXBuildFile; fileRef = F90B50FC23F71ACA00161684 /* UIColor+Extension.swift */; };
		F90B50FF23F72A9400161684 /* Observable+Extension.swift in Sources */ = {isa = PBXBuildFile; fileRef = F90B50FE23F72A9400161684 /* Observable+Extension.swift */; };
		F91D039623F5DB12002A88A6 /* AppDelegate.swift in Sources */ = {isa = PBXBuildFile; fileRef = F91D039523F5DB12002A88A6 /* AppDelegate.swift */; };
		F91D039823F5DB12002A88A6 /* SceneDelegate.swift in Sources */ = {isa = PBXBuildFile; fileRef = F91D039723F5DB12002A88A6 /* SceneDelegate.swift */; };
		F91D039A23F5DB12002A88A6 /* MainViewController.swift in Sources */ = {isa = PBXBuildFile; fileRef = F91D039923F5DB12002A88A6 /* MainViewController.swift */; };
		F91D039F23F5DB12002A88A6 /* Assets.xcassets in Resources */ = {isa = PBXBuildFile; fileRef = F91D039E23F5DB12002A88A6 /* Assets.xcassets */; };
		F91D03AD23F5DB13002A88A6 /* ios_postmanTests.swift in Sources */ = {isa = PBXBuildFile; fileRef = F91D03AC23F5DB13002A88A6 /* ios_postmanTests.swift */; };
		F91D03B823F5DB13002A88A6 /* ios_postmanUITests.swift in Sources */ = {isa = PBXBuildFile; fileRef = F91D03B723F5DB13002A88A6 /* ios_postmanUITests.swift */; };
		F91D03E123F5E762002A88A6 /* ReactiveCocoa.framework in Frameworks */ = {isa = PBXBuildFile; fileRef = F91D03DB23F5E762002A88A6 /* ReactiveCocoa.framework */; };
		F91D03E523F5E763002A88A6 /* SnapKit.framework in Frameworks */ = {isa = PBXBuildFile; fileRef = F91D03DD23F5E762002A88A6 /* SnapKit.framework */; };
		F91D03E723F5E763002A88A6 /* RxCocoa.framework in Frameworks */ = {isa = PBXBuildFile; fileRef = F91D03DE23F5E762002A88A6 /* RxCocoa.framework */; };
		F91D03E923F5E763002A88A6 /* RxDataSources.framework in Frameworks */ = {isa = PBXBuildFile; fileRef = F91D03DF23F5E762002A88A6 /* RxDataSources.framework */; };
		F91D03EB23F5E763002A88A6 /* RxSwift.framework in Frameworks */ = {isa = PBXBuildFile; fileRef = F91D03E023F5E762002A88A6 /* RxSwift.framework */; };
		F9363647240E059A0084D0A5 /* RxOptional.framework in Frameworks */ = {isa = PBXBuildFile; fileRef = F9363646240E059A0084D0A5 /* RxOptional.framework */; };
		F936364C240E087C0084D0A5 /* ResponseParser.swift in Sources */ = {isa = PBXBuildFile; fileRef = F936364B240E087C0084D0A5 /* ResponseParser.swift */; };
		F936364E240E0DF10084D0A5 /* ResponseViewController.swift in Sources */ = {isa = PBXBuildFile; fileRef = F936364D240E0DF10084D0A5 /* ResponseViewController.swift */; };
		F96C560523F72C8B00580AC2 /* UIView+Extension.swift in Sources */ = {isa = PBXBuildFile; fileRef = F96C560423F72C8B00580AC2 /* UIView+Extension.swift */; };
		F96C560823F72D0700580AC2 /* Either.swift in Sources */ = {isa = PBXBuildFile; fileRef = F96C560723F72D0700580AC2 /* Either.swift */; };
		F96C560A23F7423200580AC2 /* String+Extension.swift in Sources */ = {isa = PBXBuildFile; fileRef = F96C560923F7423100580AC2 /* String+Extension.swift */; };
		F96C560C23F7439E00580AC2 /* NetworkProvider.swift in Sources */ = {isa = PBXBuildFile; fileRef = F96C560B23F7439E00580AC2 /* NetworkProvider.swift */; };
		F9DB667124130A800069DDCB /* Environment.swift in Sources */ = {isa = PBXBuildFile; fileRef = F9DB667024130A800069DDCB /* Environment.swift */; };
		F9DB667324130B610069DDCB /* Collection.swift in Sources */ = {isa = PBXBuildFile; fileRef = F9DB667224130B610069DDCB /* Collection.swift */; };
		F9DB667524130B870069DDCB /* Request.swift in Sources */ = {isa = PBXBuildFile; fileRef = F9DB667424130B870069DDCB /* Request.swift */; };
		F9DB667824130F390069DDCB /* FileProvider.swift in Sources */ = {isa = PBXBuildFile; fileRef = F9DB667724130F390069DDCB /* FileProvider.swift */; };
		F9DB667C241329250069DDCB /* StringArray+Extension.swift in Sources */ = {isa = PBXBuildFile; fileRef = F9DB667B241329250069DDCB /* StringArray+Extension.swift */; };
		F9DB667E2413314C0069DDCB /* Response.swift in Sources */ = {isa = PBXBuildFile; fileRef = F9DB667D2413314C0069DDCB /* Response.swift */; };
/* End PBXBuildFile section */

/* Begin PBXContainerItemProxy section */
		F91D03A923F5DB13002A88A6 /* PBXContainerItemProxy */ = {
			isa = PBXContainerItemProxy;
			containerPortal = F91D038A23F5DB12002A88A6 /* Project object */;
			proxyType = 1;
			remoteGlobalIDString = F91D039123F5DB12002A88A6;
			remoteInfo = "ios-postman";
		};
		F91D03B423F5DB13002A88A6 /* PBXContainerItemProxy */ = {
			isa = PBXContainerItemProxy;
			containerPortal = F91D038A23F5DB12002A88A6 /* Project object */;
			proxyType = 1;
			remoteGlobalIDString = F91D039123F5DB12002A88A6;
			remoteInfo = "ios-postman";
		};
/* End PBXContainerItemProxy section */

/* Begin PBXCopyFilesBuildPhase section */
		F9363649240E059A0084D0A5 /* Embed Frameworks */ = {
			isa = PBXCopyFilesBuildPhase;
			buildActionMask = 2147483647;
			dstPath = "";
			dstSubfolderSpec = 10;
			files = (
			);
			name = "Embed Frameworks";
			runOnlyForDeploymentPostprocessing = 0;
		};
/* End PBXCopyFilesBuildPhase section */

/* Begin PBXFileReference section */
		F90B50DD23F5EA8300161684 /* RxRelay.framework */ = {isa = PBXFileReference; lastKnownFileType = wrapper.framework; name = RxRelay.framework; path = Carthage/Build/iOS/RxRelay.framework; sourceTree = "<group>"; };
		F90B50DF23F5F43C00161684 /* Differentiator.framework */ = {isa = PBXFileReference; lastKnownFileType = wrapper.framework; name = Differentiator.framework; path = Carthage/Build/iOS/Differentiator.framework; sourceTree = "<group>"; };
		F90B50E223F5F48300161684 /* ReactiveSwift.framework */ = {isa = PBXFileReference; lastKnownFileType = wrapper.framework; name = ReactiveSwift.framework; path = Carthage/Build/iOS/ReactiveSwift.framework; sourceTree = "<group>"; };
		F90B50E323F5F48300161684 /* RxAtomic.framework */ = {isa = PBXFileReference; lastKnownFileType = wrapper.framework; name = RxAtomic.framework; path = Carthage/Build/iOS/RxAtomic.framework; sourceTree = "<group>"; };
		F90B50E423F5F48300161684 /* RxBlocking.framework */ = {isa = PBXFileReference; lastKnownFileType = wrapper.framework; name = RxBlocking.framework; path = Carthage/Build/iOS/RxBlocking.framework; sourceTree = "<group>"; };
		F90B50E523F5F48300161684 /* ReactiveMapKit.framework */ = {isa = PBXFileReference; lastKnownFileType = wrapper.framework; name = ReactiveMapKit.framework; path = Carthage/Build/iOS/ReactiveMapKit.framework; sourceTree = "<group>"; };
		F90B50EA23F5F8FD00161684 /* Launch Screen.storyboard */ = {isa = PBXFileReference; lastKnownFileType = file.storyboard; path = "Launch Screen.storyboard"; sourceTree = "<group>"; };
		F90B50EE23F6071200161684 /* AppTextField.swift */ = {isa = PBXFileReference; lastKnownFileType = sourcecode.swift; path = AppTextField.swift; sourceTree = "<group>"; };
		F90B50F823F6101B00161684 /* AppKeyValueView.swift */ = {isa = PBXFileReference; lastKnownFileType = sourcecode.swift; name = AppKeyValueView.swift; path = "/Users/hanyuanye/Documents/ios-postman/ios-postman/UiKit Subclasses/AppKeyValueView.swift"; sourceTree = "<absolute>"; };
		F90B50FA23F62A8F00161684 /* AppKeyValuesStackView.swift */ = {isa = PBXFileReference; lastKnownFileType = sourcecode.swift; name = AppKeyValuesStackView.swift; path = "/Users/hanyuanye/Documents/ios-postman/ios-postman/UiKit Subclasses/AppKeyValuesStackView.swift"; sourceTree = "<absolute>"; };
		F90B50FC23F71ACA00161684 /* UIColor+Extension.swift */ = {isa = PBXFileReference; lastKnownFileType = sourcecode.swift; name = "UIColor+Extension.swift"; path = "/Users/hanyuanye/Documents/ios-postman/ios-postman/Extensions/UIColor+Extension.swift"; sourceTree = "<absolute>"; };
		F90B50FE23F72A9400161684 /* Observable+Extension.swift */ = {isa = PBXFileReference; lastKnownFileType = sourcecode.swift; name = "Observable+Extension.swift"; path = "/Users/hanyuanye/Documents/ios-postman/ios-postman/Extensions/Observable+Extension.swift"; sourceTree = "<absolute>"; };
		F91D039223F5DB12002A88A6 /* ios-postman.app */ = {isa = PBXFileReference; explicitFileType = wrapper.application; includeInIndex = 0; path = "ios-postman.app"; sourceTree = BUILT_PRODUCTS_DIR; };
		F91D039523F5DB12002A88A6 /* AppDelegate.swift */ = {isa = PBXFileReference; lastKnownFileType = sourcecode.swift; path = AppDelegate.swift; sourceTree = "<group>"; };
		F91D039723F5DB12002A88A6 /* SceneDelegate.swift */ = {isa = PBXFileReference; lastKnownFileType = sourcecode.swift; path = SceneDelegate.swift; sourceTree = "<group>"; };
		F91D039923F5DB12002A88A6 /* MainViewController.swift */ = {isa = PBXFileReference; lastKnownFileType = sourcecode.swift; path = MainViewController.swift; sourceTree = "<group>"; };
		F91D039E23F5DB12002A88A6 /* Assets.xcassets */ = {isa = PBXFileReference; lastKnownFileType = folder.assetcatalog; path = Assets.xcassets; sourceTree = "<group>"; };
		F91D03A323F5DB12002A88A6 /* Info.plist */ = {isa = PBXFileReference; lastKnownFileType = text.plist.xml; path = Info.plist; sourceTree = "<group>"; };
		F91D03A823F5DB13002A88A6 /* ios-postmanTests.xctest */ = {isa = PBXFileReference; explicitFileType = wrapper.cfbundle; includeInIndex = 0; path = "ios-postmanTests.xctest"; sourceTree = BUILT_PRODUCTS_DIR; };
		F91D03AC23F5DB13002A88A6 /* ios_postmanTests.swift */ = {isa = PBXFileReference; lastKnownFileType = sourcecode.swift; path = ios_postmanTests.swift; sourceTree = "<group>"; };
		F91D03AE23F5DB13002A88A6 /* Info.plist */ = {isa = PBXFileReference; lastKnownFileType = text.plist.xml; path = Info.plist; sourceTree = "<group>"; };
		F91D03B323F5DB13002A88A6 /* ios-postmanUITests.xctest */ = {isa = PBXFileReference; explicitFileType = wrapper.cfbundle; includeInIndex = 0; path = "ios-postmanUITests.xctest"; sourceTree = BUILT_PRODUCTS_DIR; };
		F91D03B723F5DB13002A88A6 /* ios_postmanUITests.swift */ = {isa = PBXFileReference; lastKnownFileType = sourcecode.swift; path = ios_postmanUITests.swift; sourceTree = "<group>"; };
		F91D03B923F5DB13002A88A6 /* Info.plist */ = {isa = PBXFileReference; lastKnownFileType = text.plist.xml; path = Info.plist; sourceTree = "<group>"; };
		F91D03C623F5E458002A88A6 /* ios-postman */ = {isa = PBXFileReference; lastKnownFileType = folder; path = "ios-postman"; sourceTree = "<group>"; };
		F91D03C723F5E46C002A88A6 /* RxCocoa.framework */ = {isa = PBXFileReference; lastKnownFileType = wrapper.framework; name = RxCocoa.framework; path = Frameworks/RxCocoa.framework; sourceTree = "<group>"; };
		F91D03C823F5E46C002A88A6 /* RxSwift.framework */ = {isa = PBXFileReference; lastKnownFileType = wrapper.framework; name = RxSwift.framework; path = Frameworks/RxSwift.framework; sourceTree = "<group>"; };
		F91D03CA23F5E46C002A88A6 /* SnapKit.framework */ = {isa = PBXFileReference; lastKnownFileType = wrapper.framework; name = SnapKit.framework; path = Frameworks/SnapKit.framework; sourceTree = "<group>"; };
		F91D03CB23F5E46C002A88A6 /* RxDataSources.framework */ = {isa = PBXFileReference; lastKnownFileType = wrapper.framework; name = RxDataSources.framework; path = Frameworks/RxDataSources.framework; sourceTree = "<group>"; };
		F91D03CC23F5E46C002A88A6 /* ReactiveCocoa.framework */ = {isa = PBXFileReference; lastKnownFileType = wrapper.framework; name = ReactiveCocoa.framework; path = Frameworks/ReactiveCocoa.framework; sourceTree = "<group>"; };
		F91D03DB23F5E762002A88A6 /* ReactiveCocoa.framework */ = {isa = PBXFileReference; lastKnownFileType = wrapper.framework; name = ReactiveCocoa.framework; path = Carthage/Build/iOS/ReactiveCocoa.framework; sourceTree = "<group>"; };
		F91D03DC23F5E762002A88A6 /* RxTest.framework */ = {isa = PBXFileReference; lastKnownFileType = wrapper.framework; name = RxTest.framework; path = Carthage/Build/iOS/RxTest.framework; sourceTree = "<group>"; };
		F91D03DD23F5E762002A88A6 /* SnapKit.framework */ = {isa = PBXFileReference; lastKnownFileType = wrapper.framework; name = SnapKit.framework; path = Carthage/Build/iOS/SnapKit.framework; sourceTree = "<group>"; };
		F91D03DE23F5E762002A88A6 /* RxCocoa.framework */ = {isa = PBXFileReference; lastKnownFileType = wrapper.framework; name = RxCocoa.framework; path = Carthage/Build/iOS/RxCocoa.framework; sourceTree = "<group>"; };
		F91D03DF23F5E762002A88A6 /* RxDataSources.framework */ = {isa = PBXFileReference; lastKnownFileType = wrapper.framework; name = RxDataSources.framework; path = Carthage/Build/iOS/RxDataSources.framework; sourceTree = "<group>"; };
		F91D03E023F5E762002A88A6 /* RxSwift.framework */ = {isa = PBXFileReference; lastKnownFileType = wrapper.framework; name = RxSwift.framework; path = Carthage/Build/iOS/RxSwift.framework; sourceTree = "<group>"; };
		F9363645240DFD4B0084D0A5 /* RxOptional */ = {isa = PBXFileReference; lastKnownFileType = folder; name = RxOptional; path = Carthage/Checkouts/RxOptional; sourceTree = "<group>"; };
		F9363646240E059A0084D0A5 /* RxOptional.framework */ = {isa = PBXFileReference; lastKnownFileType = wrapper.framework; name = RxOptional.framework; path = Carthage/Build/iOS/RxOptional.framework; sourceTree = "<group>"; };
		F936364B240E087C0084D0A5 /* ResponseParser.swift */ = {isa = PBXFileReference; lastKnownFileType = sourcecode.swift; path = ResponseParser.swift; sourceTree = "<group>"; };
		F936364D240E0DF10084D0A5 /* ResponseViewController.swift */ = {isa = PBXFileReference; lastKnownFileType = sourcecode.swift; path = ResponseViewController.swift; sourceTree = "<group>"; };
		F96C560423F72C8B00580AC2 /* UIView+Extension.swift */ = {isa = PBXFileReference; lastKnownFileType = sourcecode.swift; name = "UIView+Extension.swift"; path = "/Users/hanyuanye/Documents/ios-postman/ios-postman/Extensions/UIView+Extension.swift"; sourceTree = "<absolute>"; };
		F96C560723F72D0700580AC2 /* Either.swift */ = {isa = PBXFileReference; fileEncoding = 4; lastKnownFileType = sourcecode.swift; path = Either.swift; sourceTree = "<group>"; };
		F96C560923F7423100580AC2 /* String+Extension.swift */ = {isa = PBXFileReference; lastKnownFileType = sourcecode.swift; name = "String+Extension.swift"; path = "/Users/hanyuanye/Documents/ios-postman/ios-postman/Extensions/String+Extension.swift"; sourceTree = "<absolute>"; };
		F96C560B23F7439E00580AC2 /* NetworkProvider.swift */ = {isa = PBXFileReference; fileEncoding = 4; lastKnownFileType = sourcecode.swift; path = NetworkProvider.swift; sourceTree = "<group>"; };
		F9DB667024130A800069DDCB /* Environment.swift */ = {isa = PBXFileReference; lastKnownFileType = sourcecode.swift; path = Environment.swift; sourceTree = "<group>"; };
		F9DB667224130B610069DDCB /* Collection.swift */ = {isa = PBXFileReference; lastKnownFileType = sourcecode.swift; path = Collection.swift; sourceTree = "<group>"; };
		F9DB667424130B870069DDCB /* Request.swift */ = {isa = PBXFileReference; lastKnownFileType = sourcecode.swift; path = Request.swift; sourceTree = "<group>"; };
		F9DB667724130F390069DDCB /* FileProvider.swift */ = {isa = PBXFileReference; lastKnownFileType = sourcecode.swift; path = FileProvider.swift; sourceTree = "<group>"; };
		F9DB667B241329250069DDCB /* StringArray+Extension.swift */ = {isa = PBXFileReference; lastKnownFileType = sourcecode.swift; path = "StringArray+Extension.swift"; sourceTree = "<group>"; };
		F9DB667D2413314C0069DDCB /* Response.swift */ = {isa = PBXFileReference; lastKnownFileType = sourcecode.swift; path = Response.swift; sourceTree = "<group>"; };
/* End PBXFileReference section */

/* Begin PBXFrameworksBuildPhase section */
		F91D038F23F5DB12002A88A6 /* Frameworks */ = {
			isa = PBXFrameworksBuildPhase;
			buildActionMask = 2147483647;
			files = (
				F90B50E623F5F48300161684 /* ReactiveSwift.framework in Frameworks */,
				F90B50E723F5F48300161684 /* RxAtomic.framework in Frameworks */,
				F90B50E823F5F48300161684 /* RxBlocking.framework in Frameworks */,
				F90B50E923F5F48300161684 /* ReactiveMapKit.framework in Frameworks */,
				F9363647240E059A0084D0A5 /* RxOptional.framework in Frameworks */,
				F90B50E023F5F43C00161684 /* Differentiator.framework in Frameworks */,
				F90B50DE23F5EA8300161684 /* RxRelay.framework in Frameworks */,
				F91D03E723F5E763002A88A6 /* RxCocoa.framework in Frameworks */,
				F91D03E523F5E763002A88A6 /* SnapKit.framework in Frameworks */,
				F91D03EB23F5E763002A88A6 /* RxSwift.framework in Frameworks */,
				F91D03E923F5E763002A88A6 /* RxDataSources.framework in Frameworks */,
				F91D03E123F5E762002A88A6 /* ReactiveCocoa.framework in Frameworks */,
			);
			runOnlyForDeploymentPostprocessing = 0;
		};
		F91D03A523F5DB13002A88A6 /* Frameworks */ = {
			isa = PBXFrameworksBuildPhase;
			buildActionMask = 2147483647;
			files = (
			);
			runOnlyForDeploymentPostprocessing = 0;
		};
		F91D03B023F5DB13002A88A6 /* Frameworks */ = {
			isa = PBXFrameworksBuildPhase;
			buildActionMask = 2147483647;
			files = (
			);
			runOnlyForDeploymentPostprocessing = 0;
		};
/* End PBXFrameworksBuildPhase section */

/* Begin PBXGroup section */
		F90B50F623F60FE500161684 /* Extensions */ = {
			isa = PBXGroup;
			children = (
				F90B50FE23F72A9400161684 /* Observable+Extension.swift */,
				F96C560423F72C8B00580AC2 /* UIView+Extension.swift */,
				F90B50FC23F71ACA00161684 /* UIColor+Extension.swift */,
				F96C560923F7423100580AC2 /* String+Extension.swift */,
				F9DB667B241329250069DDCB /* StringArray+Extension.swift */,
			);
			path = Extensions;
			sourceTree = "<group>";
		};
		F90B50F723F60FF600161684 /* UiKit Subclasses */ = {
			isa = PBXGroup;
			children = (
				F90B50F823F6101B00161684 /* AppKeyValueView.swift */,
				F90B50FA23F62A8F00161684 /* AppKeyValuesStackView.swift */,
				F90B50EE23F6071200161684 /* AppTextField.swift */,
			);
			path = "UiKit Subclasses";
			sourceTree = "<group>";
		};
		F91D038923F5DB12002A88A6 = {
			isa = PBXGroup;
			children = (
				F91D039423F5DB12002A88A6 /* ios-postman */,
				F91D03AB23F5DB13002A88A6 /* ios-postmanTests */,
				F91D03B623F5DB13002A88A6 /* ios-postmanUITests */,
				F91D039323F5DB12002A88A6 /* Products */,
				F91D03C523F5E458002A88A6 /* Frameworks */,
			);
			sourceTree = "<group>";
		};
		F91D039323F5DB12002A88A6 /* Products */ = {
			isa = PBXGroup;
			children = (
				F91D039223F5DB12002A88A6 /* ios-postman.app */,
				F91D03A823F5DB13002A88A6 /* ios-postmanTests.xctest */,
				F91D03B323F5DB13002A88A6 /* ios-postmanUITests.xctest */,
			);
			name = Products;
			sourceTree = "<group>";
		};
		F91D039423F5DB12002A88A6 /* ios-postman */ = {
			isa = PBXGroup;
			children = (
				F91D039523F5DB12002A88A6 /* AppDelegate.swift */,
				F91D039723F5DB12002A88A6 /* SceneDelegate.swift */,
				F9DB667624130EB10069DDCB /* FileLayer */,
				F936364A240E08600084D0A5 /* NetworkLayer */,
				F9DB666F24130A300069DDCB /* Model */,
				F96C560623F72CC600580AC2 /* Helper */,
				F90B50F723F60FF600161684 /* UiKit Subclasses */,
				F90B50F623F60FE500161684 /* Extensions */,
				F91D039923F5DB12002A88A6 /* MainViewController.swift */,
				F936364D240E0DF10084D0A5 /* ResponseViewController.swift */,
				F91D039E23F5DB12002A88A6 /* Assets.xcassets */,
				F91D03A323F5DB12002A88A6 /* Info.plist */,
				F90B50EA23F5F8FD00161684 /* Launch Screen.storyboard */,
			);
			path = "ios-postman";
			sourceTree = "<group>";
		};
		F91D03AB23F5DB13002A88A6 /* ios-postmanTests */ = {
			isa = PBXGroup;
			children = (
				F91D03AC23F5DB13002A88A6 /* ios_postmanTests.swift */,
				F91D03AE23F5DB13002A88A6 /* Info.plist */,
			);
			path = "ios-postmanTests";
			sourceTree = "<group>";
		};
		F91D03B623F5DB13002A88A6 /* ios-postmanUITests */ = {
			isa = PBXGroup;
			children = (
				F91D03B723F5DB13002A88A6 /* ios_postmanUITests.swift */,
				F91D03B923F5DB13002A88A6 /* Info.plist */,
			);
			path = "ios-postmanUITests";
			sourceTree = "<group>";
		};
		F91D03C523F5E458002A88A6 /* Frameworks */ = {
			isa = PBXGroup;
			children = (
				F9363646240E059A0084D0A5 /* RxOptional.framework */,
				F9363645240DFD4B0084D0A5 /* RxOptional */,
				F90B50E523F5F48300161684 /* ReactiveMapKit.framework */,
				F90B50E223F5F48300161684 /* ReactiveSwift.framework */,
				F90B50E323F5F48300161684 /* RxAtomic.framework */,
				F90B50E423F5F48300161684 /* RxBlocking.framework */,
				F90B50DF23F5F43C00161684 /* Differentiator.framework */,
				F90B50DD23F5EA8300161684 /* RxRelay.framework */,
				F91D03CC23F5E46C002A88A6 /* ReactiveCocoa.framework */,
				F91D03C723F5E46C002A88A6 /* RxCocoa.framework */,
				F91D03CB23F5E46C002A88A6 /* RxDataSources.framework */,
				F91D03C823F5E46C002A88A6 /* RxSwift.framework */,
				F91D03DE23F5E762002A88A6 /* RxCocoa.framework */,
				F91D03DF23F5E762002A88A6 /* RxDataSources.framework */,
				F91D03E023F5E762002A88A6 /* RxSwift.framework */,
				F91D03CA23F5E46C002A88A6 /* SnapKit.framework */,
				F91D03DB23F5E762002A88A6 /* ReactiveCocoa.framework */,
				F91D03DC23F5E762002A88A6 /* RxTest.framework */,
				F91D03DD23F5E762002A88A6 /* SnapKit.framework */,
				F91D03C623F5E458002A88A6 /* ios-postman */,
			);
			name = Frameworks;
			sourceTree = "<group>";
		};
		F936364A240E08600084D0A5 /* NetworkLayer */ = {
			isa = PBXGroup;
			children = (
				F96C560B23F7439E00580AC2 /* NetworkProvider.swift */,
				F936364B240E087C0084D0A5 /* ResponseParser.swift */,
			);
			path = NetworkLayer;
			sourceTree = "<group>";
		};
		F96C560623F72CC600580AC2 /* Helper */ = {
			isa = PBXGroup;
			children = (
				F96C560723F72D0700580AC2 /* Either.swift */,
			);
			path = Helper;
			sourceTree = "<group>";
		};
		F9DB666F24130A300069DDCB /* Model */ = {
			isa = PBXGroup;
			children = (
				F9DB667024130A800069DDCB /* Environment.swift */,
				F9DB667224130B610069DDCB /* Collection.swift */,
				F9DB667424130B870069DDCB /* Request.swift */,
				F9DB667D2413314C0069DDCB /* Response.swift */,
			);
			path = Model;
			sourceTree = "<group>";
		};
		F9DB667624130EB10069DDCB /* FileLayer */ = {
			isa = PBXGroup;
			children = (
				F9DB667724130F390069DDCB /* FileProvider.swift */,
			);
			path = FileLayer;
			sourceTree = "<group>";
		};
/* End PBXGroup section */

/* Begin PBXNativeTarget section */
		F91D039123F5DB12002A88A6 /* ios-postman */ = {
			isa = PBXNativeTarget;
			buildConfigurationList = F91D03BC23F5DB13002A88A6 /* Build configuration list for PBXNativeTarget "ios-postman" */;
			buildPhases = (
				F91D038E23F5DB12002A88A6 /* Sources */,
				F91D03DA23F5E493002A88A6 /* ShellScript */,
				F91D038F23F5DB12002A88A6 /* Frameworks */,
				F91D039023F5DB12002A88A6 /* Resources */,
				F9363649240E059A0084D0A5 /* Embed Frameworks */,
			);
			buildRules = (
			);
			dependencies = (
			);
			name = "ios-postman";
			productName = "ios-postman";
			productReference = F91D039223F5DB12002A88A6 /* ios-postman.app */;
			productType = "com.apple.product-type.application";
		};
		F91D03A723F5DB13002A88A6 /* ios-postmanTests */ = {
			isa = PBXNativeTarget;
			buildConfigurationList = F91D03BF23F5DB13002A88A6 /* Build configuration list for PBXNativeTarget "ios-postmanTests" */;
			buildPhases = (
				F91D03A423F5DB13002A88A6 /* Sources */,
				F91D03A523F5DB13002A88A6 /* Frameworks */,
				F91D03A623F5DB13002A88A6 /* Resources */,
			);
			buildRules = (
			);
			dependencies = (
				F91D03AA23F5DB13002A88A6 /* PBXTargetDependency */,
			);
			name = "ios-postmanTests";
			productName = "ios-postmanTests";
			productReference = F91D03A823F5DB13002A88A6 /* ios-postmanTests.xctest */;
			productType = "com.apple.product-type.bundle.unit-test";
		};
		F91D03B223F5DB13002A88A6 /* ios-postmanUITests */ = {
			isa = PBXNativeTarget;
			buildConfigurationList = F91D03C223F5DB13002A88A6 /* Build configuration list for PBXNativeTarget "ios-postmanUITests" */;
			buildPhases = (
				F91D03AF23F5DB13002A88A6 /* Sources */,
				F91D03B023F5DB13002A88A6 /* Frameworks */,
				F91D03B123F5DB13002A88A6 /* Resources */,
			);
			buildRules = (
			);
			dependencies = (
				F91D03B523F5DB13002A88A6 /* PBXTargetDependency */,
			);
			name = "ios-postmanUITests";
			productName = "ios-postmanUITests";
			productReference = F91D03B323F5DB13002A88A6 /* ios-postmanUITests.xctest */;
			productType = "com.apple.product-type.bundle.ui-testing";
		};
/* End PBXNativeTarget section */

/* Begin PBXProject section */
		F91D038A23F5DB12002A88A6 /* Project object */ = {
			isa = PBXProject;
			attributes = {
				LastSwiftUpdateCheck = 1130;
				LastUpgradeCheck = 1130;
				ORGANIZATIONNAME = hanyuanye;
				TargetAttributes = {
					F91D039123F5DB12002A88A6 = {
						CreatedOnToolsVersion = 11.3;
					};
					F91D03A723F5DB13002A88A6 = {
						CreatedOnToolsVersion = 11.3;
						TestTargetID = F91D039123F5DB12002A88A6;
					};
					F91D03B223F5DB13002A88A6 = {
						CreatedOnToolsVersion = 11.3;
						TestTargetID = F91D039123F5DB12002A88A6;
					};
				};
			};
			buildConfigurationList = F91D038D23F5DB12002A88A6 /* Build configuration list for PBXProject "ios-postman" */;
			compatibilityVersion = "Xcode 9.3";
			developmentRegion = en;
			hasScannedForEncodings = 0;
			knownRegions = (
				en,
				Base,
			);
			mainGroup = F91D038923F5DB12002A88A6;
			productRefGroup = F91D039323F5DB12002A88A6 /* Products */;
			projectDirPath = "";
			projectRoot = "";
			targets = (
				F91D039123F5DB12002A88A6 /* ios-postman */,
				F91D03A723F5DB13002A88A6 /* ios-postmanTests */,
				F91D03B223F5DB13002A88A6 /* ios-postmanUITests */,
			);
		};
/* End PBXProject section */

/* Begin PBXResourcesBuildPhase section */
		F91D039023F5DB12002A88A6 /* Resources */ = {
			isa = PBXResourcesBuildPhase;
			buildActionMask = 2147483647;
			files = (
				F91D039F23F5DB12002A88A6 /* Assets.xcassets in Resources */,
			);
			runOnlyForDeploymentPostprocessing = 0;
		};
		F91D03A623F5DB13002A88A6 /* Resources */ = {
			isa = PBXResourcesBuildPhase;
			buildActionMask = 2147483647;
			files = (
				F90B50EB23F5F8FD00161684 /* Launch Screen.storyboard in Resources */,
			);
			runOnlyForDeploymentPostprocessing = 0;
		};
		F91D03B123F5DB13002A88A6 /* Resources */ = {
			isa = PBXResourcesBuildPhase;
			buildActionMask = 2147483647;
			files = (
			);
			runOnlyForDeploymentPostprocessing = 0;
		};
/* End PBXResourcesBuildPhase section */

/* Begin PBXShellScriptBuildPhase section */
		F91D03DA23F5E493002A88A6 /* ShellScript */ = {
			isa = PBXShellScriptBuildPhase;
			buildActionMask = 2147483647;
			files = (
			);
			inputFileListPaths = (
				"$(SRCROOT)/input.xcfilelist",
			);
			inputPaths = (
			);
			outputFileListPaths = (
				"$(SRCROOT)/output.xcfilelist",
			);
			outputPaths = (
			);
			runOnlyForDeploymentPostprocessing = 0;
			shellPath = /bin/sh;
			shellScript = "/usr/local/bin/carthage copy-frameworks\n";
		};
/* End PBXShellScriptBuildPhase section */

/* Begin PBXSourcesBuildPhase section */
		F91D038E23F5DB12002A88A6 /* Sources */ = {
			isa = PBXSourcesBuildPhase;
			buildActionMask = 2147483647;
			files = (
				F90B50F923F6101B00161684 /* AppKeyValueView.swift in Sources */,
				F96C560A23F7423200580AC2 /* String+Extension.swift in Sources */,
				F91D039A23F5DB12002A88A6 /* MainViewController.swift in Sources */,
				F91D039623F5DB12002A88A6 /* AppDelegate.swift in Sources */,
				F9DB667E2413314C0069DDCB /* Response.swift in Sources */,
				F9DB667124130A800069DDCB /* Environment.swift in Sources */,
				F96C560523F72C8B00580AC2 /* UIView+Extension.swift in Sources */,
				F96C560C23F7439E00580AC2 /* NetworkProvider.swift in Sources */,
				F9DB667524130B870069DDCB /* Request.swift in Sources */,
				F9DB667324130B610069DDCB /* Collection.swift in Sources */,
				F96C560823F72D0700580AC2 /* Either.swift in Sources */,
				F90B50FB23F62A8F00161684 /* AppKeyValuesStackView.swift in Sources */,
				F9DB667C241329250069DDCB /* StringArray+Extension.swift in Sources */,
				F91D039823F5DB12002A88A6 /* SceneDelegate.swift in Sources */,
				F90B50FF23F72A9400161684 /* Observable+Extension.swift in Sources */,
				F90B50EF23F6071200161684 /* AppTextField.swift in Sources */,
				F9DB667824130F390069DDCB /* FileProvider.swift in Sources */,
				F90B50FD23F71ACA00161684 /* UIColor+Extension.swift in Sources */,
				F936364C240E087C0084D0A5 /* ResponseParser.swift in Sources */,
				F936364E240E0DF10084D0A5 /* ResponseViewController.swift in Sources */,
			);
			runOnlyForDeploymentPostprocessing = 0;
		};
		F91D03A423F5DB13002A88A6 /* Sources */ = {
			isa = PBXSourcesBuildPhase;
			buildActionMask = 2147483647;
			files = (
				F91D03AD23F5DB13002A88A6 /* ios_postmanTests.swift in Sources */,
			);
			runOnlyForDeploymentPostprocessing = 0;
		};
		F91D03AF23F5DB13002A88A6 /* Sources */ = {
			isa = PBXSourcesBuildPhase;
			buildActionMask = 2147483647;
			files = (
				F91D03B823F5DB13002A88A6 /* ios_postmanUITests.swift in Sources */,
			);
			runOnlyForDeploymentPostprocessing = 0;
		};
/* End PBXSourcesBuildPhase section */

/* Begin PBXTargetDependency section */
		F91D03AA23F5DB13002A88A6 /* PBXTargetDependency */ = {
			isa = PBXTargetDependency;
			target = F91D039123F5DB12002A88A6 /* ios-postman */;
			targetProxy = F91D03A923F5DB13002A88A6 /* PBXContainerItemProxy */;
		};
		F91D03B523F5DB13002A88A6 /* PBXTargetDependency */ = {
			isa = PBXTargetDependency;
			target = F91D039123F5DB12002A88A6 /* ios-postman */;
			targetProxy = F91D03B423F5DB13002A88A6 /* PBXContainerItemProxy */;
		};
/* End PBXTargetDependency section */

/* Begin XCBuildConfiguration section */
		F91D03BA23F5DB13002A88A6 /* Debug */ = {
			isa = XCBuildConfiguration;
			buildSettings = {
				ALWAYS_SEARCH_USER_PATHS = NO;
				CLANG_ANALYZER_NONNULL = YES;
				CLANG_ANALYZER_NUMBER_OBJECT_CONVERSION = YES_AGGRESSIVE;
				CLANG_CXX_LANGUAGE_STANDARD = "gnu++14";
				CLANG_CXX_LIBRARY = "libc++";
				CLANG_ENABLE_MODULES = YES;
				CLANG_ENABLE_OBJC_ARC = YES;
				CLANG_ENABLE_OBJC_WEAK = YES;
				CLANG_WARN_BLOCK_CAPTURE_AUTORELEASING = YES;
				CLANG_WARN_BOOL_CONVERSION = YES;
				CLANG_WARN_COMMA = YES;
				CLANG_WARN_CONSTANT_CONVERSION = YES;
				CLANG_WARN_DEPRECATED_OBJC_IMPLEMENTATIONS = YES;
				CLANG_WARN_DIRECT_OBJC_ISA_USAGE = YES_ERROR;
				CLANG_WARN_DOCUMENTATION_COMMENTS = YES;
				CLANG_WARN_EMPTY_BODY = YES;
				CLANG_WARN_ENUM_CONVERSION = YES;
				CLANG_WARN_INFINITE_RECURSION = YES;
				CLANG_WARN_INT_CONVERSION = YES;
				CLANG_WARN_NON_LITERAL_NULL_CONVERSION = YES;
				CLANG_WARN_OBJC_IMPLICIT_RETAIN_SELF = YES;
				CLANG_WARN_OBJC_LITERAL_CONVERSION = YES;
				CLANG_WARN_OBJC_ROOT_CLASS = YES_ERROR;
				CLANG_WARN_RANGE_LOOP_ANALYSIS = YES;
				CLANG_WARN_STRICT_PROTOTYPES = YES;
				CLANG_WARN_SUSPICIOUS_MOVE = YES;
				CLANG_WARN_UNGUARDED_AVAILABILITY = YES_AGGRESSIVE;
				CLANG_WARN_UNREACHABLE_CODE = YES;
				CLANG_WARN__DUPLICATE_METHOD_MATCH = YES;
				COPY_PHASE_STRIP = NO;
				DEBUG_INFORMATION_FORMAT = dwarf;
				ENABLE_STRICT_OBJC_MSGSEND = YES;
				ENABLE_TESTABILITY = YES;
				GCC_C_LANGUAGE_STANDARD = gnu11;
				GCC_DYNAMIC_NO_PIC = NO;
				GCC_NO_COMMON_BLOCKS = YES;
				GCC_OPTIMIZATION_LEVEL = 0;
				GCC_PREPROCESSOR_DEFINITIONS = (
					"DEBUG=1",
					"$(inherited)",
				);
				GCC_WARN_64_TO_32_BIT_CONVERSION = YES;
				GCC_WARN_ABOUT_RETURN_TYPE = YES_ERROR;
				GCC_WARN_UNDECLARED_SELECTOR = YES;
				GCC_WARN_UNINITIALIZED_AUTOS = YES_AGGRESSIVE;
				GCC_WARN_UNUSED_FUNCTION = YES;
				GCC_WARN_UNUSED_VARIABLE = YES;
				IPHONEOS_DEPLOYMENT_TARGET = 13.2;
				MTL_ENABLE_DEBUG_INFO = INCLUDE_SOURCE;
				MTL_FAST_MATH = YES;
				ONLY_ACTIVE_ARCH = YES;
				SDKROOT = iphoneos;
				SWIFT_ACTIVE_COMPILATION_CONDITIONS = DEBUG;
				SWIFT_OPTIMIZATION_LEVEL = "-Onone";
			};
			name = Debug;
		};
		F91D03BB23F5DB13002A88A6 /* Release */ = {
			isa = XCBuildConfiguration;
			buildSettings = {
				ALWAYS_SEARCH_USER_PATHS = NO;
				CLANG_ANALYZER_NONNULL = YES;
				CLANG_ANALYZER_NUMBER_OBJECT_CONVERSION = YES_AGGRESSIVE;
				CLANG_CXX_LANGUAGE_STANDARD = "gnu++14";
				CLANG_CXX_LIBRARY = "libc++";
				CLANG_ENABLE_MODULES = YES;
				CLANG_ENABLE_OBJC_ARC = YES;
				CLANG_ENABLE_OBJC_WEAK = YES;
				CLANG_WARN_BLOCK_CAPTURE_AUTORELEASING = YES;
				CLANG_WARN_BOOL_CONVERSION = YES;
				CLANG_WARN_COMMA = YES;
				CLANG_WARN_CONSTANT_CONVERSION = YES;
				CLANG_WARN_DEPRECATED_OBJC_IMPLEMENTATIONS = YES;
				CLANG_WARN_DIRECT_OBJC_ISA_USAGE = YES_ERROR;
				CLANG_WARN_DOCUMENTATION_COMMENTS = YES;
				CLANG_WARN_EMPTY_BODY = YES;
				CLANG_WARN_ENUM_CONVERSION = YES;
				CLANG_WARN_INFINITE_RECURSION = YES;
				CLANG_WARN_INT_CONVERSION = YES;
				CLANG_WARN_NON_LITERAL_NULL_CONVERSION = YES;
				CLANG_WARN_OBJC_IMPLICIT_RETAIN_SELF = YES;
				CLANG_WARN_OBJC_LITERAL_CONVERSION = YES;
				CLANG_WARN_OBJC_ROOT_CLASS = YES_ERROR;
				CLANG_WARN_RANGE_LOOP_ANALYSIS = YES;
				CLANG_WARN_STRICT_PROTOTYPES = YES;
				CLANG_WARN_SUSPICIOUS_MOVE = YES;
				CLANG_WARN_UNGUARDED_AVAILABILITY = YES_AGGRESSIVE;
				CLANG_WARN_UNREACHABLE_CODE = YES;
				CLANG_WARN__DUPLICATE_METHOD_MATCH = YES;
				COPY_PHASE_STRIP = NO;
				DEBUG_INFORMATION_FORMAT = "dwarf-with-dsym";
				ENABLE_NS_ASSERTIONS = NO;
				ENABLE_STRICT_OBJC_MSGSEND = YES;
				GCC_C_LANGUAGE_STANDARD = gnu11;
				GCC_NO_COMMON_BLOCKS = YES;
				GCC_WARN_64_TO_32_BIT_CONVERSION = YES;
				GCC_WARN_ABOUT_RETURN_TYPE = YES_ERROR;
				GCC_WARN_UNDECLARED_SELECTOR = YES;
				GCC_WARN_UNINITIALIZED_AUTOS = YES_AGGRESSIVE;
				GCC_WARN_UNUSED_FUNCTION = YES;
				GCC_WARN_UNUSED_VARIABLE = YES;
				IPHONEOS_DEPLOYMENT_TARGET = 13.2;
				MTL_ENABLE_DEBUG_INFO = NO;
				MTL_FAST_MATH = YES;
				SDKROOT = iphoneos;
				SWIFT_COMPILATION_MODE = wholemodule;
				SWIFT_OPTIMIZATION_LEVEL = "-O";
				VALIDATE_PRODUCT = YES;
			};
			name = Release;
		};
		F91D03BD23F5DB13002A88A6 /* Debug */ = {
			isa = XCBuildConfiguration;
			buildSettings = {
				ASSETCATALOG_COMPILER_APPICON_NAME = AppIcon;
				CODE_SIGN_STYLE = Automatic;
				DEVELOPMENT_TEAM = APD85H4NSR;
				FRAMEWORK_SEARCH_PATHS = (
					"$(inherited)",
					"$(PROJECT_DIR)/Frameworks",
					"$(PROJECT_DIR)/Carthage/Build/iOS",
				);
				INFOPLIST_FILE = "ios-postman/Info.plist";
				LD_RUNPATH_SEARCH_PATHS = (
					"$(inherited)",
					"@executable_path/Frameworks",
				);
				PRODUCT_BUNDLE_IDENTIFIER = "hanyuanye.ios-postman";
				PRODUCT_NAME = "$(TARGET_NAME)";
				SWIFT_VERSION = 5.0;
				TARGETED_DEVICE_FAMILY = "1,2";
			};
			name = Debug;
		};
		F91D03BE23F5DB13002A88A6 /* Release */ = {
			isa = XCBuildConfiguration;
			buildSettings = {
				ASSETCATALOG_COMPILER_APPICON_NAME = AppIcon;
				CODE_SIGN_STYLE = Automatic;
				DEVELOPMENT_TEAM = APD85H4NSR;
				FRAMEWORK_SEARCH_PATHS = (
					"$(inherited)",
					"$(PROJECT_DIR)/Frameworks",
					"$(PROJECT_DIR)/Carthage/Build/iOS",
				);
				INFOPLIST_FILE = "ios-postman/Info.plist";
				LD_RUNPATH_SEARCH_PATHS = (
					"$(inherited)",
					"@executable_path/Frameworks",
				);
				PRODUCT_BUNDLE_IDENTIFIER = "hanyuanye.ios-postman";
				PRODUCT_NAME = "$(TARGET_NAME)";
				SWIFT_VERSION = 5.0;
				TARGETED_DEVICE_FAMILY = "1,2";
			};
			name = Release;
		};
		F91D03C023F5DB13002A88A6 /* Debug */ = {
			isa = XCBuildConfiguration;
			buildSettings = {
				ALWAYS_EMBED_SWIFT_STANDARD_LIBRARIES = YES;
				BUNDLE_LOADER = "$(TEST_HOST)";
				CODE_SIGN_STYLE = Automatic;
				DEVELOPMENT_TEAM = APD85H4NSR;
				INFOPLIST_FILE = "ios-postmanTests/Info.plist";
				IPHONEOS_DEPLOYMENT_TARGET = 13.2;
				LD_RUNPATH_SEARCH_PATHS = (
					"$(inherited)",
					"@executable_path/Frameworks",
					"@loader_path/Frameworks",
				);
				PRODUCT_BUNDLE_IDENTIFIER = "hanyuanye.ios-postmanTests";
				PRODUCT_NAME = "$(TARGET_NAME)";
				SWIFT_VERSION = 5.0;
				TARGETED_DEVICE_FAMILY = "1,2";
				TEST_HOST = "$(BUILT_PRODUCTS_DIR)/ios-postman.app/ios-postman";
			};
			name = Debug;
		};
		F91D03C123F5DB13002A88A6 /* Release */ = {
			isa = XCBuildConfiguration;
			buildSettings = {
				ALWAYS_EMBED_SWIFT_STANDARD_LIBRARIES = YES;
				BUNDLE_LOADER = "$(TEST_HOST)";
				CODE_SIGN_STYLE = Automatic;
				DEVELOPMENT_TEAM = APD85H4NSR;
				INFOPLIST_FILE = "ios-postmanTests/Info.plist";
				IPHONEOS_DEPLOYMENT_TARGET = 13.2;
				LD_RUNPATH_SEARCH_PATHS = (
					"$(inherited)",
					"@executable_path/Frameworks",
					"@loader_path/Frameworks",
				);
				PRODUCT_BUNDLE_IDENTIFIER = "hanyuanye.ios-postmanTests";
				PRODUCT_NAME = "$(TARGET_NAME)";
				SWIFT_VERSION = 5.0;
				TARGETED_DEVICE_FAMILY = "1,2";
				TEST_HOST = "$(BUILT_PRODUCTS_DIR)/ios-postman.app/ios-postman";
			};
			name = Release;
		};
		F91D03C323F5DB13002A88A6 /* Debug */ = {
			isa = XCBuildConfiguration;
			buildSettings = {
				ALWAYS_EMBED_SWIFT_STANDARD_LIBRARIES = YES;
				CODE_SIGN_STYLE = Automatic;
				DEVELOPMENT_TEAM = APD85H4NSR;
				INFOPLIST_FILE = "ios-postmanUITests/Info.plist";
				LD_RUNPATH_SEARCH_PATHS = (
					"$(inherited)",
					"@executable_path/Frameworks",
					"@loader_path/Frameworks",
				);
				PRODUCT_BUNDLE_IDENTIFIER = "hanyuanye.ios-postmanUITests";
				PRODUCT_NAME = "$(TARGET_NAME)";
				SWIFT_VERSION = 5.0;
				TARGETED_DEVICE_FAMILY = "1,2";
				TEST_TARGET_NAME = "ios-postman";
			};
			name = Debug;
		};
		F91D03C423F5DB13002A88A6 /* Release */ = {
			isa = XCBuildConfiguration;
			buildSettings = {
				ALWAYS_EMBED_SWIFT_STANDARD_LIBRARIES = YES;
				CODE_SIGN_STYLE = Automatic;
				DEVELOPMENT_TEAM = APD85H4NSR;
				INFOPLIST_FILE = "ios-postmanUITests/Info.plist";
				LD_RUNPATH_SEARCH_PATHS = (
					"$(inherited)",
					"@executable_path/Frameworks",
					"@loader_path/Frameworks",
				);
				PRODUCT_BUNDLE_IDENTIFIER = "hanyuanye.ios-postmanUITests";
				PRODUCT_NAME = "$(TARGET_NAME)";
				SWIFT_VERSION = 5.0;
				TARGETED_DEVICE_FAMILY = "1,2";
				TEST_TARGET_NAME = "ios-postman";
			};
			name = Release;
		};
/* End XCBuildConfiguration section */

/* Begin XCConfigurationList section */
		F91D038D23F5DB12002A88A6 /* Build configuration list for PBXProject "ios-postman" */ = {
			isa = XCConfigurationList;
			buildConfigurations = (
				F91D03BA23F5DB13002A88A6 /* Debug */,
				F91D03BB23F5DB13002A88A6 /* Release */,
			);
			defaultConfigurationIsVisible = 0;
			defaultConfigurationName = Release;
		};
		F91D03BC23F5DB13002A88A6 /* Build configuration list for PBXNativeTarget "ios-postman" */ = {
			isa = XCConfigurationList;
			buildConfigurations = (
				F91D03BD23F5DB13002A88A6 /* Debug */,
				F91D03BE23F5DB13002A88A6 /* Release */,
			);
			defaultConfigurationIsVisible = 0;
			defaultConfigurationName = Release;
		};
		F91D03BF23F5DB13002A88A6 /* Build configuration list for PBXNativeTarget "ios-postmanTests" */ = {
			isa = XCConfigurationList;
			buildConfigurations = (
				F91D03C023F5DB13002A88A6 /* Debug */,
				F91D03C123F5DB13002A88A6 /* Release */,
			);
			defaultConfigurationIsVisible = 0;
			defaultConfigurationName = Release;
		};
		F91D03C223F5DB13002A88A6 /* Build configuration list for PBXNativeTarget "ios-postmanUITests" */ = {
			isa = XCConfigurationList;
			buildConfigurations = (
				F91D03C323F5DB13002A88A6 /* Debug */,
				F91D03C423F5DB13002A88A6 /* Release */,
			);
			defaultConfigurationIsVisible = 0;
			defaultConfigurationName = Release;
		};
/* End XCConfigurationList section */
	};
	rootObject = F91D038A23F5DB12002A88A6 /* Project object */;
}
